
Microsoft Visual Studio Solution File, Format Version 12.00
# Visual Studio Version 16
VisualStudioVersion = 16.6.30114.105
MinimumVisualStudioVersion = 10.0.40219.1
Project("{2150E333-8FDC-42A3-9474-1A3956D46DE8}") = "src", "src", "{696A3C30-D037-4F99-9709-04752475CAC0}"
EndProject
Project("{2150E333-8FDC-42A3-9474-1A3956D46DE8}") = "hometasks", "hometasks", "{A52AAECE-57F3-4199-BBC2-1BC1C2885BD3}"
EndProject
Project("{FAE04EC0-301F-11D3-BF4B-00C04F79EFBC}") = "Hometask-01", "src\hometasks\Hometask-01\Hometask-01.csproj", "{97991D04-6AB6-43BB-913C-104FD2C68BB7}"
EndProject
Project("{2150E333-8FDC-42A3-9474-1A3956D46DE8}") = "practice", "practice", "{5B77B40D-9DD1-4D8F-8FA8-6ED176E2BB7E}"
EndProject
Project("{FAE04EC0-301F-11D3-BF4B-00C04F79EFBC}") = "Practice-01", "src\practice\Practice-01\Practice-01.csproj", "{B56F343D-32C9-4612-8710-9412EB4C2462}"
EndProject
Project("{2150E333-8FDC-42A3-9474-1A3956D46DE8}") = "tests", "tests", "{C6F8A0B2-CDEC-40A5-AB4D-EA97764EBCAF}"
EndProject
Project("{2150E333-8FDC-42A3-9474-1A3956D46DE8}") = "hometasks", "hometasks", "{5D2A0216-6F29-420C-8D87-3DAF3D970C10}"
EndProject
Project("{FAE04EC0-301F-11D3-BF4B-00C04F79EFBC}") = "Hometask-01-Tests", "tests\hometasks\Hometask-01-Tests\Hometask-01-Tests.csproj", "{D8018B6F-8258-4E0F-9C03-E26D1B9363AA}"
EndProject
Project("{2150E333-8FDC-42A3-9474-1A3956D46DE8}") = "practice", "practice", "{56906055-845D-460E-AC5C-114348304AF4}"
EndProject
Project("{FAE04EC0-301F-11D3-BF4B-00C04F79EFBC}") = "Practice-01-Tests", "tests\practice\Practice-01-Tests\Practice-01-Tests.csproj", "{2EDB4C74-E03F-4E02-BBE2-8F4DBE0490E6}"
EndProject
Project("{FAE04EC0-301F-11D3-BF4B-00C04F79EFBC}") = "Hometask-02", "src\hometasks\Hometask-02\Hometask-02.csproj", "{2ABBECFB-C4C2-4023-979A-4BB64D648DB0}"
EndProject
Project("{FAE04EC0-301F-11D3-BF4B-00C04F79EFBC}") = "Hometask-03", "src\hometasks\Hometask-03\Hometask-03.csproj", "{07D589A8-613F-4D0E-ABB6-52538E598C1A}"
EndProject
Project("{FAE04EC0-301F-11D3-BF4B-00C04F79EFBC}") = "Hometask-04", "src\hometasks\Hometask-04\Hometask-04.csproj", "{767EBE79-C28F-4D5F-B3D5-AFD5E0A11560}"
EndProject
Project("{FAE04EC0-301F-11D3-BF4B-00C04F79EFBC}") = "Hometask-05", "src\hometasks\Hometask-05\Hometask-05.csproj", "{C7EC8F8F-3DB8-4D91-8444-5D7BA4D8C490}"
EndProject
Project("{FAE04EC0-301F-11D3-BF4B-00C04F79EFBC}") = "Practice-02", "src\practice\Practice-02\Practice-02.csproj", "{996D6FEB-BB22-408C-919C-125C57A73178}"
EndProject
Project("{FAE04EC0-301F-11D3-BF4B-00C04F79EFBC}") = "Practice-03", "src\practice\Practice-03\Practice-03.csproj", "{27146AFB-24BB-474B-B816-CE27936DAF9B}"
EndProject
Project("{FAE04EC0-301F-11D3-BF4B-00C04F79EFBC}") = "Practice-04", "src\practice\Practice-04\Practice-04.csproj", "{9079765F-762C-41BD-9AEA-860EF21577F0}"
EndProject
Project("{FAE04EC0-301F-11D3-BF4B-00C04F79EFBC}") = "Practice-05", "src\practice\Practice-05\Practice-05.csproj", "{365AFB40-FEE0-4A11-B964-DECA3BAADFBD}"
EndProject
Project("{FAE04EC0-301F-11D3-BF4B-00C04F79EFBC}") = "Hometask-02-Tests", "tests\hometasks\Hometask-02-Tests\Hometask-02-Tests.csproj", "{743AD11F-44C3-48FC-9438-E1130D91BD5C}"
EndProject
Project("{FAE04EC0-301F-11D3-BF4B-00C04F79EFBC}") = "Hometask-03-Tests", "tests\hometasks\Hometask-03-Tests\Hometask-03-Tests.csproj", "{6858F586-70CE-488F-81B8-17FE9AA4A64C}"
EndProject
Project("{FAE04EC0-301F-11D3-BF4B-00C04F79EFBC}") = "Hometask-04-Tests", "tests\hometasks\Hometask-04-Tests\Hometask-04-Tests.csproj", "{967764EC-FDF8-4161-999B-646AF5B1A6E6}"
EndProject
Project("{FAE04EC0-301F-11D3-BF4B-00C04F79EFBC}") = "Hometask-05-Tests", "tests\hometasks\Hometask-05-Tests\Hometask-05-Tests.csproj", "{83E5617F-2303-45E6-8174-B88DAA69DBCB}"
EndProject
Project("{FAE04EC0-301F-11D3-BF4B-00C04F79EFBC}") = "Practice-02-Tests", "tests\practice\Practice-02-Tests\Practice-02-Tests.csproj", "{12E70189-CFBF-4485-B76A-EB8C46A9C0F0}"
EndProject
Project("{FAE04EC0-301F-11D3-BF4B-00C04F79EFBC}") = "Practice-03-Tests", "tests\practice\Practice-03-Tests\Practice-03-Tests.csproj", "{E4157FCF-DC28-46DC-AA01-08679EE9D278}"
EndProject
Project("{FAE04EC0-301F-11D3-BF4B-00C04F79EFBC}") = "Practice-04-Tests", "tests\practice\Practice-04-Tests\Practice-04-Tests.csproj", "{CA9DE984-A89E-4832-A1C3-518F6003E32A}"
EndProject
Project("{FAE04EC0-301F-11D3-BF4B-00C04F79EFBC}") = "Practice-05-Tests", "tests\practice\Practice-05-Tests\Practice-05-Tests.csproj", "{1024CFC5-F174-493F-A625-91FD7A50947D}"
EndProject
Global
	GlobalSection(SolutionConfigurationPlatforms) = preSolution
		Debug|Any CPU = Debug|Any CPU
		Debug|x64 = Debug|x64
		Debug|x86 = Debug|x86
		Release|Any CPU = Release|Any CPU
		Release|x64 = Release|x64
		Release|x86 = Release|x86
	EndGlobalSection
	GlobalSection(SolutionProperties) = preSolution
		HideSolutionNode = FALSE
	EndGlobalSection
	GlobalSection(ProjectConfigurationPlatforms) = postSolution
		{97991D04-6AB6-43BB-913C-104FD2C68BB7}.Debug|Any CPU.ActiveCfg = Debug|Any CPU
		{97991D04-6AB6-43BB-913C-104FD2C68BB7}.Debug|Any CPU.Build.0 = Debug|Any CPU
		{97991D04-6AB6-43BB-913C-104FD2C68BB7}.Debug|x64.ActiveCfg = Debug|Any CPU
		{97991D04-6AB6-43BB-913C-104FD2C68BB7}.Debug|x64.Build.0 = Debug|Any CPU
		{97991D04-6AB6-43BB-913C-104FD2C68BB7}.Debug|x86.ActiveCfg = Debug|Any CPU
		{97991D04-6AB6-43BB-913C-104FD2C68BB7}.Debug|x86.Build.0 = Debug|Any CPU
		{97991D04-6AB6-43BB-913C-104FD2C68BB7}.Release|Any CPU.ActiveCfg = Release|Any CPU
		{97991D04-6AB6-43BB-913C-104FD2C68BB7}.Release|Any CPU.Build.0 = Release|Any CPU
		{97991D04-6AB6-43BB-913C-104FD2C68BB7}.Release|x64.ActiveCfg = Release|Any CPU
		{97991D04-6AB6-43BB-913C-104FD2C68BB7}.Release|x64.Build.0 = Release|Any CPU
		{97991D04-6AB6-43BB-913C-104FD2C68BB7}.Release|x86.ActiveCfg = Release|Any CPU
		{97991D04-6AB6-43BB-913C-104FD2C68BB7}.Release|x86.Build.0 = Release|Any CPU
		{B56F343D-32C9-4612-8710-9412EB4C2462}.Debug|Any CPU.ActiveCfg = Debug|Any CPU
		{B56F343D-32C9-4612-8710-9412EB4C2462}.Debug|Any CPU.Build.0 = Debug|Any CPU
		{B56F343D-32C9-4612-8710-9412EB4C2462}.Debug|x64.ActiveCfg = Debug|Any CPU
		{B56F343D-32C9-4612-8710-9412EB4C2462}.Debug|x64.Build.0 = Debug|Any CPU
		{B56F343D-32C9-4612-8710-9412EB4C2462}.Debug|x86.ActiveCfg = Debug|Any CPU
		{B56F343D-32C9-4612-8710-9412EB4C2462}.Debug|x86.Build.0 = Debug|Any CPU
		{B56F343D-32C9-4612-8710-9412EB4C2462}.Release|Any CPU.ActiveCfg = Release|Any CPU
		{B56F343D-32C9-4612-8710-9412EB4C2462}.Release|Any CPU.Build.0 = Release|Any CPU
		{B56F343D-32C9-4612-8710-9412EB4C2462}.Release|x64.ActiveCfg = Release|Any CPU
		{B56F343D-32C9-4612-8710-9412EB4C2462}.Release|x64.Build.0 = Release|Any CPU
		{B56F343D-32C9-4612-8710-9412EB4C2462}.Release|x86.ActiveCfg = Release|Any CPU
		{B56F343D-32C9-4612-8710-9412EB4C2462}.Release|x86.Build.0 = Release|Any CPU
		{D8018B6F-8258-4E0F-9C03-E26D1B9363AA}.Debug|Any CPU.ActiveCfg = Debug|Any CPU
		{D8018B6F-8258-4E0F-9C03-E26D1B9363AA}.Debug|Any CPU.Build.0 = Debug|Any CPU
		{D8018B6F-8258-4E0F-9C03-E26D1B9363AA}.Debug|x64.ActiveCfg = Debug|Any CPU
		{D8018B6F-8258-4E0F-9C03-E26D1B9363AA}.Debug|x64.Build.0 = Debug|Any CPU
		{D8018B6F-8258-4E0F-9C03-E26D1B9363AA}.Debug|x86.ActiveCfg = Debug|Any CPU
		{D8018B6F-8258-4E0F-9C03-E26D1B9363AA}.Debug|x86.Build.0 = Debug|Any CPU
		{D8018B6F-8258-4E0F-9C03-E26D1B9363AA}.Release|Any CPU.ActiveCfg = Release|Any CPU
		{D8018B6F-8258-4E0F-9C03-E26D1B9363AA}.Release|Any CPU.Build.0 = Release|Any CPU
		{D8018B6F-8258-4E0F-9C03-E26D1B9363AA}.Release|x64.ActiveCfg = Release|Any CPU
		{D8018B6F-8258-4E0F-9C03-E26D1B9363AA}.Release|x64.Build.0 = Release|Any CPU
		{D8018B6F-8258-4E0F-9C03-E26D1B9363AA}.Release|x86.ActiveCfg = Release|Any CPU
		{D8018B6F-8258-4E0F-9C03-E26D1B9363AA}.Release|x86.Build.0 = Release|Any CPU
		{2EDB4C74-E03F-4E02-BBE2-8F4DBE0490E6}.Debug|Any CPU.ActiveCfg = Debug|Any CPU
		{2EDB4C74-E03F-4E02-BBE2-8F4DBE0490E6}.Debug|Any CPU.Build.0 = Debug|Any CPU
		{2EDB4C74-E03F-4E02-BBE2-8F4DBE0490E6}.Debug|x64.ActiveCfg = Debug|Any CPU
		{2EDB4C74-E03F-4E02-BBE2-8F4DBE0490E6}.Debug|x64.Build.0 = Debug|Any CPU
		{2EDB4C74-E03F-4E02-BBE2-8F4DBE0490E6}.Debug|x86.ActiveCfg = Debug|Any CPU
		{2EDB4C74-E03F-4E02-BBE2-8F4DBE0490E6}.Debug|x86.Build.0 = Debug|Any CPU
		{2EDB4C74-E03F-4E02-BBE2-8F4DBE0490E6}.Release|Any CPU.ActiveCfg = Release|Any CPU
		{2EDB4C74-E03F-4E02-BBE2-8F4DBE0490E6}.Release|Any CPU.Build.0 = Release|Any CPU
		{2EDB4C74-E03F-4E02-BBE2-8F4DBE0490E6}.Release|x64.ActiveCfg = Release|Any CPU
		{2EDB4C74-E03F-4E02-BBE2-8F4DBE0490E6}.Release|x64.Build.0 = Release|Any CPU
		{2EDB4C74-E03F-4E02-BBE2-8F4DBE0490E6}.Release|x86.ActiveCfg = Release|Any CPU
		{2EDB4C74-E03F-4E02-BBE2-8F4DBE0490E6}.Release|x86.Build.0 = Release|Any CPU
		{2ABBECFB-C4C2-4023-979A-4BB64D648DB0}.Debug|Any CPU.ActiveCfg = Debug|Any CPU
		{2ABBECFB-C4C2-4023-979A-4BB64D648DB0}.Debug|Any CPU.Build.0 = Debug|Any CPU
		{2ABBECFB-C4C2-4023-979A-4BB64D648DB0}.Debug|x64.ActiveCfg = Debug|Any CPU
		{2ABBECFB-C4C2-4023-979A-4BB64D648DB0}.Debug|x64.Build.0 = Debug|Any CPU
		{2ABBECFB-C4C2-4023-979A-4BB64D648DB0}.Debug|x86.ActiveCfg = Debug|Any CPU
		{2ABBECFB-C4C2-4023-979A-4BB64D648DB0}.Debug|x86.Build.0 = Debug|Any CPU
		{2ABBECFB-C4C2-4023-979A-4BB64D648DB0}.Release|Any CPU.ActiveCfg = Release|Any CPU
		{2ABBECFB-C4C2-4023-979A-4BB64D648DB0}.Release|Any CPU.Build.0 = Release|Any CPU
		{2ABBECFB-C4C2-4023-979A-4BB64D648DB0}.Release|x64.ActiveCfg = Release|Any CPU
		{2ABBECFB-C4C2-4023-979A-4BB64D648DB0}.Release|x64.Build.0 = Release|Any CPU
		{2ABBECFB-C4C2-4023-979A-4BB64D648DB0}.Release|x86.ActiveCfg = Release|Any CPU
		{2ABBECFB-C4C2-4023-979A-4BB64D648DB0}.Release|x86.Build.0 = Release|Any CPU
		{07D589A8-613F-4D0E-ABB6-52538E598C1A}.Debug|Any CPU.ActiveCfg = Debug|Any CPU
		{07D589A8-613F-4D0E-ABB6-52538E598C1A}.Debug|Any CPU.Build.0 = Debug|Any CPU
		{07D589A8-613F-4D0E-ABB6-52538E598C1A}.Debug|x64.ActiveCfg = Debug|Any CPU
		{07D589A8-613F-4D0E-ABB6-52538E598C1A}.Debug|x64.Build.0 = Debug|Any CPU
		{07D589A8-613F-4D0E-ABB6-52538E598C1A}.Debug|x86.ActiveCfg = Debug|Any CPU
		{07D589A8-613F-4D0E-ABB6-52538E598C1A}.Debug|x86.Build.0 = Debug|Any CPU
		{07D589A8-613F-4D0E-ABB6-52538E598C1A}.Release|Any CPU.ActiveCfg = Release|Any CPU
		{07D589A8-613F-4D0E-ABB6-52538E598C1A}.Release|Any CPU.Build.0 = Release|Any CPU
		{07D589A8-613F-4D0E-ABB6-52538E598C1A}.Release|x64.ActiveCfg = Release|Any CPU
		{07D589A8-613F-4D0E-ABB6-52538E598C1A}.Release|x64.Build.0 = Release|Any CPU
		{07D589A8-613F-4D0E-ABB6-52538E598C1A}.Release|x86.ActiveCfg = Release|Any CPU
		{07D589A8-613F-4D0E-ABB6-52538E598C1A}.Release|x86.Build.0 = Release|Any CPU
		{767EBE79-C28F-4D5F-B3D5-AFD5E0A11560}.Debug|Any CPU.ActiveCfg = Debug|Any CPU
		{767EBE79-C28F-4D5F-B3D5-AFD5E0A11560}.Debug|Any CPU.Build.0 = Debug|Any CPU
		{767EBE79-C28F-4D5F-B3D5-AFD5E0A11560}.Debug|x64.ActiveCfg = Debug|Any CPU
		{767EBE79-C28F-4D5F-B3D5-AFD5E0A11560}.Debug|x64.Build.0 = Debug|Any CPU
		{767EBE79-C28F-4D5F-B3D5-AFD5E0A11560}.Debug|x86.ActiveCfg = Debug|Any CPU
		{767EBE79-C28F-4D5F-B3D5-AFD5E0A11560}.Debug|x86.Build.0 = Debug|Any CPU
		{767EBE79-C28F-4D5F-B3D5-AFD5E0A11560}.Release|Any CPU.ActiveCfg = Release|Any CPU
		{767EBE79-C28F-4D5F-B3D5-AFD5E0A11560}.Release|Any CPU.Build.0 = Release|Any CPU
		{767EBE79-C28F-4D5F-B3D5-AFD5E0A11560}.Release|x64.ActiveCfg = Release|Any CPU
		{767EBE79-C28F-4D5F-B3D5-AFD5E0A11560}.Release|x64.Build.0 = Release|Any CPU
		{767EBE79-C28F-4D5F-B3D5-AFD5E0A11560}.Release|x86.ActiveCfg = Release|Any CPU
		{767EBE79-C28F-4D5F-B3D5-AFD5E0A11560}.Release|x86.Build.0 = Release|Any CPU
		{C7EC8F8F-3DB8-4D91-8444-5D7BA4D8C490}.Debug|Any CPU.ActiveCfg = Debug|Any CPU
		{C7EC8F8F-3DB8-4D91-8444-5D7BA4D8C490}.Debug|Any CPU.Build.0 = Debug|Any CPU
		{C7EC8F8F-3DB8-4D91-8444-5D7BA4D8C490}.Debug|x64.ActiveCfg = Debug|Any CPU
		{C7EC8F8F-3DB8-4D91-8444-5D7BA4D8C490}.Debug|x64.Build.0 = Debug|Any CPU
		{C7EC8F8F-3DB8-4D91-8444-5D7BA4D8C490}.Debug|x86.ActiveCfg = Debug|Any CPU
		{C7EC8F8F-3DB8-4D91-8444-5D7BA4D8C490}.Debug|x86.Build.0 = Debug|Any CPU
		{C7EC8F8F-3DB8-4D91-8444-5D7BA4D8C490}.Release|Any CPU.ActiveCfg = Release|Any CPU
		{C7EC8F8F-3DB8-4D91-8444-5D7BA4D8C490}.Release|Any CPU.Build.0 = Release|Any CPU
		{C7EC8F8F-3DB8-4D91-8444-5D7BA4D8C490}.Release|x64.ActiveCfg = Release|Any CPU
		{C7EC8F8F-3DB8-4D91-8444-5D7BA4D8C490}.Release|x64.Build.0 = Release|Any CPU
		{C7EC8F8F-3DB8-4D91-8444-5D7BA4D8C490}.Release|x86.ActiveCfg = Release|Any CPU
		{C7EC8F8F-3DB8-4D91-8444-5D7BA4D8C490}.Release|x86.Build.0 = Release|Any CPU
		{996D6FEB-BB22-408C-919C-125C57A73178}.Debug|Any CPU.ActiveCfg = Debug|Any CPU
		{996D6FEB-BB22-408C-919C-125C57A73178}.Debug|Any CPU.Build.0 = Debug|Any CPU
		{996D6FEB-BB22-408C-919C-125C57A73178}.Debug|x64.ActiveCfg = Debug|Any CPU
		{996D6FEB-BB22-408C-919C-125C57A73178}.Debug|x64.Build.0 = Debug|Any CPU
		{996D6FEB-BB22-408C-919C-125C57A73178}.Debug|x86.ActiveCfg = Debug|Any CPU
		{996D6FEB-BB22-408C-919C-125C57A73178}.Debug|x86.Build.0 = Debug|Any CPU
		{996D6FEB-BB22-408C-919C-125C57A73178}.Release|Any CPU.ActiveCfg = Release|Any CPU
		{996D6FEB-BB22-408C-919C-125C57A73178}.Release|Any CPU.Build.0 = Release|Any CPU
		{996D6FEB-BB22-408C-919C-125C57A73178}.Release|x64.ActiveCfg = Release|Any CPU
		{996D6FEB-BB22-408C-919C-125C57A73178}.Release|x64.Build.0 = Release|Any CPU
		{996D6FEB-BB22-408C-919C-125C57A73178}.Release|x86.ActiveCfg = Release|Any CPU
		{996D6FEB-BB22-408C-919C-125C57A73178}.Release|x86.Build.0 = Release|Any CPU
		{27146AFB-24BB-474B-B816-CE27936DAF9B}.Debug|Any CPU.ActiveCfg = Debug|Any CPU
		{27146AFB-24BB-474B-B816-CE27936DAF9B}.Debug|Any CPU.Build.0 = Debug|Any CPU
		{27146AFB-24BB-474B-B816-CE27936DAF9B}.Debug|x64.ActiveCfg = Debug|Any CPU
		{27146AFB-24BB-474B-B816-CE27936DAF9B}.Debug|x64.Build.0 = Debug|Any CPU
		{27146AFB-24BB-474B-B816-CE27936DAF9B}.Debug|x86.ActiveCfg = Debug|Any CPU
		{27146AFB-24BB-474B-B816-CE27936DAF9B}.Debug|x86.Build.0 = Debug|Any CPU
		{27146AFB-24BB-474B-B816-CE27936DAF9B}.Release|Any CPU.ActiveCfg = Release|Any CPU
		{27146AFB-24BB-474B-B816-CE27936DAF9B}.Release|Any CPU.Build.0 = Release|Any CPU
		{27146AFB-24BB-474B-B816-CE27936DAF9B}.Release|x64.ActiveCfg = Release|Any CPU
		{27146AFB-24BB-474B-B816-CE27936DAF9B}.Release|x64.Build.0 = Release|Any CPU
		{27146AFB-24BB-474B-B816-CE27936DAF9B}.Release|x86.ActiveCfg = Release|Any CPU
		{27146AFB-24BB-474B-B816-CE27936DAF9B}.Release|x86.Build.0 = Release|Any CPU
		{9079765F-762C-41BD-9AEA-860EF21577F0}.Debug|Any CPU.ActiveCfg = Debug|Any CPU
		{9079765F-762C-41BD-9AEA-860EF21577F0}.Debug|Any CPU.Build.0 = Debug|Any CPU
		{9079765F-762C-41BD-9AEA-860EF21577F0}.Debug|x64.ActiveCfg = Debug|Any CPU
		{9079765F-762C-41BD-9AEA-860EF21577F0}.Debug|x64.Build.0 = Debug|Any CPU
		{9079765F-762C-41BD-9AEA-860EF21577F0}.Debug|x86.ActiveCfg = Debug|Any CPU
		{9079765F-762C-41BD-9AEA-860EF21577F0}.Debug|x86.Build.0 = Debug|Any CPU
		{9079765F-762C-41BD-9AEA-860EF21577F0}.Release|Any CPU.ActiveCfg = Release|Any CPU
		{9079765F-762C-41BD-9AEA-860EF21577F0}.Release|Any CPU.Build.0 = Release|Any CPU
		{9079765F-762C-41BD-9AEA-860EF21577F0}.Release|x64.ActiveCfg = Release|Any CPU
		{9079765F-762C-41BD-9AEA-860EF21577F0}.Release|x64.Build.0 = Release|Any CPU
		{9079765F-762C-41BD-9AEA-860EF21577F0}.Release|x86.ActiveCfg = Release|Any CPU
		{9079765F-762C-41BD-9AEA-860EF21577F0}.Release|x86.Build.0 = Release|Any CPU
		{365AFB40-FEE0-4A11-B964-DECA3BAADFBD}.Debug|Any CPU.ActiveCfg = Debug|Any CPU
		{365AFB40-FEE0-4A11-B964-DECA3BAADFBD}.Debug|Any CPU.Build.0 = Debug|Any CPU
		{365AFB40-FEE0-4A11-B964-DECA3BAADFBD}.Debug|x64.ActiveCfg = Debug|Any CPU
		{365AFB40-FEE0-4A11-B964-DECA3BAADFBD}.Debug|x64.Build.0 = Debug|Any CPU
		{365AFB40-FEE0-4A11-B964-DECA3BAADFBD}.Debug|x86.ActiveCfg = Debug|Any CPU
		{365AFB40-FEE0-4A11-B964-DECA3BAADFBD}.Debug|x86.Build.0 = Debug|Any CPU
		{365AFB40-FEE0-4A11-B964-DECA3BAADFBD}.Release|Any CPU.ActiveCfg = Release|Any CPU
		{365AFB40-FEE0-4A11-B964-DECA3BAADFBD}.Release|Any CPU.Build.0 = Release|Any CPU
		{365AFB40-FEE0-4A11-B964-DECA3BAADFBD}.Release|x64.ActiveCfg = Release|Any CPU
		{365AFB40-FEE0-4A11-B964-DECA3BAADFBD}.Release|x64.Build.0 = Release|Any CPU
		{365AFB40-FEE0-4A11-B964-DECA3BAADFBD}.Release|x86.ActiveCfg = Release|Any CPU
		{365AFB40-FEE0-4A11-B964-DECA3BAADFBD}.Release|x86.Build.0 = Release|Any CPU
		{743AD11F-44C3-48FC-9438-E1130D91BD5C}.Debug|Any CPU.ActiveCfg = Debug|Any CPU
		{743AD11F-44C3-48FC-9438-E1130D91BD5C}.Debug|Any CPU.Build.0 = Debug|Any CPU
		{743AD11F-44C3-48FC-9438-E1130D91BD5C}.Debug|x64.ActiveCfg = Debug|Any CPU
		{743AD11F-44C3-48FC-9438-E1130D91BD5C}.Debug|x64.Build.0 = Debug|Any CPU
		{743AD11F-44C3-48FC-9438-E1130D91BD5C}.Debug|x86.ActiveCfg = Debug|Any CPU
		{743AD11F-44C3-48FC-9438-E1130D91BD5C}.Debug|x86.Build.0 = Debug|Any CPU
		{743AD11F-44C3-48FC-9438-E1130D91BD5C}.Release|Any CPU.ActiveCfg = Release|Any CPU
		{743AD11F-44C3-48FC-9438-E1130D91BD5C}.Release|Any CPU.Build.0 = Release|Any CPU
		{743AD11F-44C3-48FC-9438-E1130D91BD5C}.Release|x64.ActiveCfg = Release|Any CPU
		{743AD11F-44C3-48FC-9438-E1130D91BD5C}.Release|x64.Build.0 = Release|Any CPU
		{743AD11F-44C3-48FC-9438-E1130D91BD5C}.Release|x86.ActiveCfg = Release|Any CPU
		{743AD11F-44C3-48FC-9438-E1130D91BD5C}.Release|x86.Build.0 = Release|Any CPU
		{6858F586-70CE-488F-81B8-17FE9AA4A64C}.Debug|Any CPU.ActiveCfg = Debug|Any CPU
		{6858F586-70CE-488F-81B8-17FE9AA4A64C}.Debug|Any CPU.Build.0 = Debug|Any CPU
		{6858F586-70CE-488F-81B8-17FE9AA4A64C}.Debug|x64.ActiveCfg = Debug|Any CPU
		{6858F586-70CE-488F-81B8-17FE9AA4A64C}.Debug|x64.Build.0 = Debug|Any CPU
		{6858F586-70CE-488F-81B8-17FE9AA4A64C}.Debug|x86.ActiveCfg = Debug|Any CPU
		{6858F586-70CE-488F-81B8-17FE9AA4A64C}.Debug|x86.Build.0 = Debug|Any CPU
		{6858F586-70CE-488F-81B8-17FE9AA4A64C}.Release|Any CPU.ActiveCfg = Release|Any CPU
		{6858F586-70CE-488F-81B8-17FE9AA4A64C}.Release|Any CPU.Build.0 = Release|Any CPU
		{6858F586-70CE-488F-81B8-17FE9AA4A64C}.Release|x64.ActiveCfg = Release|Any CPU
		{6858F586-70CE-488F-81B8-17FE9AA4A64C}.Release|x64.Build.0 = Release|Any CPU
		{6858F586-70CE-488F-81B8-17FE9AA4A64C}.Release|x86.ActiveCfg = Release|Any CPU
		{6858F586-70CE-488F-81B8-17FE9AA4A64C}.Release|x86.Build.0 = Release|Any CPU
		{967764EC-FDF8-4161-999B-646AF5B1A6E6}.Debug|Any CPU.ActiveCfg = Debug|Any CPU
		{967764EC-FDF8-4161-999B-646AF5B1A6E6}.Debug|Any CPU.Build.0 = Debug|Any CPU
		{967764EC-FDF8-4161-999B-646AF5B1A6E6}.Debug|x64.ActiveCfg = Debug|Any CPU
		{967764EC-FDF8-4161-999B-646AF5B1A6E6}.Debug|x64.Build.0 = Debug|Any CPU
		{967764EC-FDF8-4161-999B-646AF5B1A6E6}.Debug|x86.ActiveCfg = Debug|Any CPU
		{967764EC-FDF8-4161-999B-646AF5B1A6E6}.Debug|x86.Build.0 = Debug|Any CPU
		{967764EC-FDF8-4161-999B-646AF5B1A6E6}.Release|Any CPU.ActiveCfg = Release|Any CPU
		{967764EC-FDF8-4161-999B-646AF5B1A6E6}.Release|Any CPU.Build.0 = Release|Any CPU
		{967764EC-FDF8-4161-999B-646AF5B1A6E6}.Release|x64.ActiveCfg = Release|Any CPU
		{967764EC-FDF8-4161-999B-646AF5B1A6E6}.Release|x64.Build.0 = Release|Any CPU
		{967764EC-FDF8-4161-999B-646AF5B1A6E6}.Release|x86.ActiveCfg = Release|Any CPU
		{967764EC-FDF8-4161-999B-646AF5B1A6E6}.Release|x86.Build.0 = Release|Any CPU
		{83E5617F-2303-45E6-8174-B88DAA69DBCB}.Debug|Any CPU.ActiveCfg = Debug|Any CPU
		{83E5617F-2303-45E6-8174-B88DAA69DBCB}.Debug|Any CPU.Build.0 = Debug|Any CPU
		{83E5617F-2303-45E6-8174-B88DAA69DBCB}.Debug|x64.ActiveCfg = Debug|Any CPU
		{83E5617F-2303-45E6-8174-B88DAA69DBCB}.Debug|x64.Build.0 = Debug|Any CPU
		{83E5617F-2303-45E6-8174-B88DAA69DBCB}.Debug|x86.ActiveCfg = Debug|Any CPU
		{83E5617F-2303-45E6-8174-B88DAA69DBCB}.Debug|x86.Build.0 = Debug|Any CPU
		{83E5617F-2303-45E6-8174-B88DAA69DBCB}.Release|Any CPU.ActiveCfg = Release|Any CPU
		{83E5617F-2303-45E6-8174-B88DAA69DBCB}.Release|Any CPU.Build.0 = Release|Any CPU
		{83E5617F-2303-45E6-8174-B88DAA69DBCB}.Release|x64.ActiveCfg = Release|Any CPU
		{83E5617F-2303-45E6-8174-B88DAA69DBCB}.Release|x64.Build.0 = Release|Any CPU
		{83E5617F-2303-45E6-8174-B88DAA69DBCB}.Release|x86.ActiveCfg = Release|Any CPU
		{83E5617F-2303-45E6-8174-B88DAA69DBCB}.Release|x86.Build.0 = Release|Any CPU
		{12E70189-CFBF-4485-B76A-EB8C46A9C0F0}.Debug|Any CPU.ActiveCfg = Debug|Any CPU
		{12E70189-CFBF-4485-B76A-EB8C46A9C0F0}.Debug|Any CPU.Build.0 = Debug|Any CPU
		{12E70189-CFBF-4485-B76A-EB8C46A9C0F0}.Debug|x64.ActiveCfg = Debug|Any CPU
		{12E70189-CFBF-4485-B76A-EB8C46A9C0F0}.Debug|x64.Build.0 = Debug|Any CPU
		{12E70189-CFBF-4485-B76A-EB8C46A9C0F0}.Debug|x86.ActiveCfg = Debug|Any CPU
		{12E70189-CFBF-4485-B76A-EB8C46A9C0F0}.Debug|x86.Build.0 = Debug|Any CPU
		{12E70189-CFBF-4485-B76A-EB8C46A9C0F0}.Release|Any CPU.ActiveCfg = Release|Any CPU
		{12E70189-CFBF-4485-B76A-EB8C46A9C0F0}.Release|Any CPU.Build.0 = Release|Any CPU
		{12E70189-CFBF-4485-B76A-EB8C46A9C0F0}.Release|x64.ActiveCfg = Release|Any CPU
		{12E70189-CFBF-4485-B76A-EB8C46A9C0F0}.Release|x64.Build.0 = Release|Any CPU
		{12E70189-CFBF-4485-B76A-EB8C46A9C0F0}.Release|x86.ActiveCfg = Release|Any CPU
		{12E70189-CFBF-4485-B76A-EB8C46A9C0F0}.Release|x86.Build.0 = Release|Any CPU
		{E4157FCF-DC28-46DC-AA01-08679EE9D278}.Debug|Any CPU.ActiveCfg = Debug|Any CPU
		{E4157FCF-DC28-46DC-AA01-08679EE9D278}.Debug|Any CPU.Build.0 = Debug|Any CPU
		{E4157FCF-DC28-46DC-AA01-08679EE9D278}.Debug|x64.ActiveCfg = Debug|Any CPU
		{E4157FCF-DC28-46DC-AA01-08679EE9D278}.Debug|x64.Build.0 = Debug|Any CPU
		{E4157FCF-DC28-46DC-AA01-08679EE9D278}.Debug|x86.ActiveCfg = Debug|Any CPU
		{E4157FCF-DC28-46DC-AA01-08679EE9D278}.Debug|x86.Build.0 = Debug|Any CPU
		{E4157FCF-DC28-46DC-AA01-08679EE9D278}.Release|Any CPU.ActiveCfg = Release|Any CPU
		{E4157FCF-DC28-46DC-AA01-08679EE9D278}.Release|Any CPU.Build.0 = Release|Any CPU
		{E4157FCF-DC28-46DC-AA01-08679EE9D278}.Release|x64.ActiveCfg = Release|Any CPU
		{E4157FCF-DC28-46DC-AA01-08679EE9D278}.Release|x64.Build.0 = Release|Any CPU
		{E4157FCF-DC28-46DC-AA01-08679EE9D278}.Release|x86.ActiveCfg = Release|Any CPU
		{E4157FCF-DC28-46DC-AA01-08679EE9D278}.Release|x86.Build.0 = Release|Any CPU
		{CA9DE984-A89E-4832-A1C3-518F6003E32A}.Debug|Any CPU.ActiveCfg = Debug|Any CPU
		{CA9DE984-A89E-4832-A1C3-518F6003E32A}.Debug|Any CPU.Build.0 = Debug|Any CPU
		{CA9DE984-A89E-4832-A1C3-518F6003E32A}.Debug|x64.ActiveCfg = Debug|Any CPU
		{CA9DE984-A89E-4832-A1C3-518F6003E32A}.Debug|x64.Build.0 = Debug|Any CPU
		{CA9DE984-A89E-4832-A1C3-518F6003E32A}.Debug|x86.ActiveCfg = Debug|Any CPU
		{CA9DE984-A89E-4832-A1C3-518F6003E32A}.Debug|x86.Build.0 = Debug|Any CPU
		{CA9DE984-A89E-4832-A1C3-518F6003E32A}.Release|Any CPU.ActiveCfg = Release|Any CPU
		{CA9DE984-A89E-4832-A1C3-518F6003E32A}.Release|Any CPU.Build.0 = Release|Any CPU
		{CA9DE984-A89E-4832-A1C3-518F6003E32A}.Release|x64.ActiveCfg = Release|Any CPU
		{CA9DE984-A89E-4832-A1C3-518F6003E32A}.Release|x64.Build.0 = Release|Any CPU
		{CA9DE984-A89E-4832-A1C3-518F6003E32A}.Release|x86.ActiveCfg = Release|Any CPU
		{CA9DE984-A89E-4832-A1C3-518F6003E32A}.Release|x86.Build.0 = Release|Any CPU
		{1024CFC5-F174-493F-A625-91FD7A50947D}.Debug|Any CPU.ActiveCfg = Debug|Any CPU
		{1024CFC5-F174-493F-A625-91FD7A50947D}.Debug|Any CPU.Build.0 = Debug|Any CPU
		{1024CFC5-F174-493F-A625-91FD7A50947D}.Debug|x64.ActiveCfg = Debug|Any CPU
		{1024CFC5-F174-493F-A625-91FD7A50947D}.Debug|x64.Build.0 = Debug|Any CPU
		{1024CFC5-F174-493F-A625-91FD7A50947D}.Debug|x86.ActiveCfg = Debug|Any CPU
		{1024CFC5-F174-493F-A625-91FD7A50947D}.Debug|x86.Build.0 = Debug|Any CPU
		{1024CFC5-F174-493F-A625-91FD7A50947D}.Release|Any CPU.ActiveCfg = Release|Any CPU
		{1024CFC5-F174-493F-A625-91FD7A50947D}.Release|Any CPU.Build.0 = Release|Any CPU
		{1024CFC5-F174-493F-A625-91FD7A50947D}.Release|x64.ActiveCfg = Release|Any CPU
		{1024CFC5-F174-493F-A625-91FD7A50947D}.Release|x64.Build.0 = Release|Any CPU
		{1024CFC5-F174-493F-A625-91FD7A50947D}.Release|x86.ActiveCfg = Release|Any CPU
		{1024CFC5-F174-493F-A625-91FD7A50947D}.Release|x86.Build.0 = Release|Any CPU
	EndGlobalSection
	GlobalSection(NestedProjects) = preSolution
		{A52AAECE-57F3-4199-BBC2-1BC1C2885BD3} = {696A3C30-D037-4F99-9709-04752475CAC0}
		{97991D04-6AB6-43BB-913C-104FD2C68BB7} = {A52AAECE-57F3-4199-BBC2-1BC1C2885BD3}
		{5B77B40D-9DD1-4D8F-8FA8-6ED176E2BB7E} = {696A3C30-D037-4F99-9709-04752475CAC0}
		{B56F343D-32C9-4612-8710-9412EB4C2462} = {5B77B40D-9DD1-4D8F-8FA8-6ED176E2BB7E}
		{5D2A0216-6F29-420C-8D87-3DAF3D970C10} = {C6F8A0B2-CDEC-40A5-AB4D-EA97764EBCAF}
		{D8018B6F-8258-4E0F-9C03-E26D1B9363AA} = {5D2A0216-6F29-420C-8D87-3DAF3D970C10}
		{56906055-845D-460E-AC5C-114348304AF4} = {C6F8A0B2-CDEC-40A5-AB4D-EA97764EBCAF}
		{2EDB4C74-E03F-4E02-BBE2-8F4DBE0490E6} = {56906055-845D-460E-AC5C-114348304AF4}
		{2ABBECFB-C4C2-4023-979A-4BB64D648DB0} = {A52AAECE-57F3-4199-BBC2-1BC1C2885BD3}
		{07D589A8-613F-4D0E-ABB6-52538E598C1A} = {A52AAECE-57F3-4199-BBC2-1BC1C2885BD3}
		{767EBE79-C28F-4D5F-B3D5-AFD5E0A11560} = {A52AAECE-57F3-4199-BBC2-1BC1C2885BD3}
		{C7EC8F8F-3DB8-4D91-8444-5D7BA4D8C490} = {A52AAECE-57F3-4199-BBC2-1BC1C2885BD3}
		{996D6FEB-BB22-408C-919C-125C57A73178} = {5B77B40D-9DD1-4D8F-8FA8-6ED176E2BB7E}
		{27146AFB-24BB-474B-B816-CE27936DAF9B} = {5B77B40D-9DD1-4D8F-8FA8-6ED176E2BB7E}
		{9079765F-762C-41BD-9AEA-860EF21577F0} = {5B77B40D-9DD1-4D8F-8FA8-6ED176E2BB7E}
		{365AFB40-FEE0-4A11-B964-DECA3BAADFBD} = {5B77B40D-9DD1-4D8F-8FA8-6ED176E2BB7E}
		{743AD11F-44C3-48FC-9438-E1130D91BD5C} = {5D2A0216-6F29-420C-8D87-3DAF3D970C10}
		{6858F586-70CE-488F-81B8-17FE9AA4A64C} = {5D2A0216-6F29-420C-8D87-3DAF3D970C10}
		{967764EC-FDF8-4161-999B-646AF5B1A6E6} = {5D2A0216-6F29-420C-8D87-3DAF3D970C10}
		{83E5617F-2303-45E6-8174-B88DAA69DBCB} = {5D2A0216-6F29-420C-8D87-3DAF3D970C10}
		{12E70189-CFBF-4485-B76A-EB8C46A9C0F0} = {56906055-845D-460E-AC5C-114348304AF4}
		{E4157FCF-DC28-46DC-AA01-08679EE9D278} = {56906055-845D-460E-AC5C-114348304AF4}
		{CA9DE984-A89E-4832-A1C3-518F6003E32A} = {56906055-845D-460E-AC5C-114348304AF4}
		{1024CFC5-F174-493F-A625-91FD7A50947D} = {56906055-845D-460E-AC5C-114348304AF4}
	EndGlobalSection
EndGlobal
