
Microsoft Visual Studio Solution File, Format Version 12.00
# Visual Studio Version 16
VisualStudioVersion = 16.6.30114.105
MinimumVisualStudioVersion = 10.0.40219.1
Project("{2150E333-8FDC-42A3-9474-1A3956D46DE8}") = "src", "src", "{696A3C30-D037-4F99-9709-04752475CAC0}"
EndProject
Project("{2150E333-8FDC-42A3-9474-1A3956D46DE8}") = "hometasks", "hometasks", "{A52AAECE-57F3-4199-BBC2-1BC1C2885BD3}"
EndProject
Project("{FAE04EC0-301F-11D3-BF4B-00C04F79EFBC}") = "Hometask-01", "src\hometasks\Hometask-01\Hometask-01.csproj", "{97991D04-6AB6-43BB-913C-104FD2C68BB7}"
EndProject
Project("{2150E333-8FDC-42A3-9474-1A3956D46DE8}") = "practice", "practice", "{5B77B40D-9DD1-4D8F-8FA8-6ED176E2BB7E}"
EndProject
Project("{FAE04EC0-301F-11D3-BF4B-00C04F79EFBC}") = "Practice-01", "src\practice\Practice-01\Practice-01.csproj", "{B56F343D-32C9-4612-8710-9412EB4C2462}"
EndProject
Project("{2150E333-8FDC-42A3-9474-1A3956D46DE8}") = "tests", "tests", "{C6F8A0B2-CDEC-40A5-AB4D-EA97764EBCAF}"
EndProject
Project("{2150E333-8FDC-42A3-9474-1A3956D46DE8}") = "hometasks", "hometasks", "{5D2A0216-6F29-420C-8D87-3DAF3D970C10}"
EndProject
Project("{FAE04EC0-301F-11D3-BF4B-00C04F79EFBC}") = "Hometask-01-Tests", "tests\hometasks\Hometask-01-Tests\Hometask-01-Tests.csproj", "{D8018B6F-8258-4E0F-9C03-E26D1B9363AA}"
EndProject
Project("{2150E333-8FDC-42A3-9474-1A3956D46DE8}") = "practice", "practice", "{56906055-845D-460E-AC5C-114348304AF4}"
EndProject
Project("{FAE04EC0-301F-11D3-BF4B-00C04F79EFBC}") = "Practice-01-Tests", "tests\practice\Practice-01-Tests\Practice-01-Tests.csproj", "{2EDB4C74-E03F-4E02-BBE2-8F4DBE0490E6}"
EndProject
Global
	GlobalSection(SolutionConfigurationPlatforms) = preSolution
		Debug|Any CPU = Debug|Any CPU
		Debug|x64 = Debug|x64
		Debug|x86 = Debug|x86
		Release|Any CPU = Release|Any CPU
		Release|x64 = Release|x64
		Release|x86 = Release|x86
	EndGlobalSection
	GlobalSection(SolutionProperties) = preSolution
		HideSolutionNode = FALSE
	EndGlobalSection
	GlobalSection(ProjectConfigurationPlatforms) = postSolution
		{97991D04-6AB6-43BB-913C-104FD2C68BB7}.Debug|Any CPU.ActiveCfg = Debug|Any CPU
		{97991D04-6AB6-43BB-913C-104FD2C68BB7}.Debug|Any CPU.Build.0 = Debug|Any CPU
		{97991D04-6AB6-43BB-913C-104FD2C68BB7}.Debug|x64.ActiveCfg = Debug|Any CPU
		{97991D04-6AB6-43BB-913C-104FD2C68BB7}.Debug|x64.Build.0 = Debug|Any CPU
		{97991D04-6AB6-43BB-913C-104FD2C68BB7}.Debug|x86.ActiveCfg = Debug|Any CPU
		{97991D04-6AB6-43BB-913C-104FD2C68BB7}.Debug|x86.Build.0 = Debug|Any CPU
		{97991D04-6AB6-43BB-913C-104FD2C68BB7}.Release|Any CPU.ActiveCfg = Release|Any CPU
		{97991D04-6AB6-43BB-913C-104FD2C68BB7}.Release|Any CPU.Build.0 = Release|Any CPU
		{97991D04-6AB6-43BB-913C-104FD2C68BB7}.Release|x64.ActiveCfg = Release|Any CPU
		{97991D04-6AB6-43BB-913C-104FD2C68BB7}.Release|x64.Build.0 = Release|Any CPU
		{97991D04-6AB6-43BB-913C-104FD2C68BB7}.Release|x86.ActiveCfg = Release|Any CPU
		{97991D04-6AB6-43BB-913C-104FD2C68BB7}.Release|x86.Build.0 = Release|Any CPU
		{B56F343D-32C9-4612-8710-9412EB4C2462}.Debug|Any CPU.ActiveCfg = Debug|Any CPU
		{B56F343D-32C9-4612-8710-9412EB4C2462}.Debug|Any CPU.Build.0 = Debug|Any CPU
		{B56F343D-32C9-4612-8710-9412EB4C2462}.Debug|x64.ActiveCfg = Debug|Any CPU
		{B56F343D-32C9-4612-8710-9412EB4C2462}.Debug|x64.Build.0 = Debug|Any CPU
		{B56F343D-32C9-4612-8710-9412EB4C2462}.Debug|x86.ActiveCfg = Debug|Any CPU
		{B56F343D-32C9-4612-8710-9412EB4C2462}.Debug|x86.Build.0 = Debug|Any CPU
		{B56F343D-32C9-4612-8710-9412EB4C2462}.Release|Any CPU.ActiveCfg = Release|Any CPU
		{B56F343D-32C9-4612-8710-9412EB4C2462}.Release|Any CPU.Build.0 = Release|Any CPU
		{B56F343D-32C9-4612-8710-9412EB4C2462}.Release|x64.ActiveCfg = Release|Any CPU
		{B56F343D-32C9-4612-8710-9412EB4C2462}.Release|x64.Build.0 = Release|Any CPU
		{B56F343D-32C9-4612-8710-9412EB4C2462}.Release|x86.ActiveCfg = Release|Any CPU
		{B56F343D-32C9-4612-8710-9412EB4C2462}.Release|x86.Build.0 = Release|Any CPU
		{D8018B6F-8258-4E0F-9C03-E26D1B9363AA}.Debug|Any CPU.ActiveCfg = Debug|Any CPU
		{D8018B6F-8258-4E0F-9C03-E26D1B9363AA}.Debug|Any CPU.Build.0 = Debug|Any CPU
		{D8018B6F-8258-4E0F-9C03-E26D1B9363AA}.Debug|x64.ActiveCfg = Debug|Any CPU
		{D8018B6F-8258-4E0F-9C03-E26D1B9363AA}.Debug|x64.Build.0 = Debug|Any CPU
		{D8018B6F-8258-4E0F-9C03-E26D1B9363AA}.Debug|x86.ActiveCfg = Debug|Any CPU
		{D8018B6F-8258-4E0F-9C03-E26D1B9363AA}.Debug|x86.Build.0 = Debug|Any CPU
		{D8018B6F-8258-4E0F-9C03-E26D1B9363AA}.Release|Any CPU.ActiveCfg = Release|Any CPU
		{D8018B6F-8258-4E0F-9C03-E26D1B9363AA}.Release|Any CPU.Build.0 = Release|Any CPU
		{D8018B6F-8258-4E0F-9C03-E26D1B9363AA}.Release|x64.ActiveCfg = Release|Any CPU
		{D8018B6F-8258-4E0F-9C03-E26D1B9363AA}.Release|x64.Build.0 = Release|Any CPU
		{D8018B6F-8258-4E0F-9C03-E26D1B9363AA}.Release|x86.ActiveCfg = Release|Any CPU
		{D8018B6F-8258-4E0F-9C03-E26D1B9363AA}.Release|x86.Build.0 = Release|Any CPU
		{2EDB4C74-E03F-4E02-BBE2-8F4DBE0490E6}.Debug|Any CPU.ActiveCfg = Debug|Any CPU
		{2EDB4C74-E03F-4E02-BBE2-8F4DBE0490E6}.Debug|Any CPU.Build.0 = Debug|Any CPU
		{2EDB4C74-E03F-4E02-BBE2-8F4DBE0490E6}.Debug|x64.ActiveCfg = Debug|Any CPU
		{2EDB4C74-E03F-4E02-BBE2-8F4DBE0490E6}.Debug|x64.Build.0 = Debug|Any CPU
		{2EDB4C74-E03F-4E02-BBE2-8F4DBE0490E6}.Debug|x86.ActiveCfg = Debug|Any CPU
		{2EDB4C74-E03F-4E02-BBE2-8F4DBE0490E6}.Debug|x86.Build.0 = Debug|Any CPU
		{2EDB4C74-E03F-4E02-BBE2-8F4DBE0490E6}.Release|Any CPU.ActiveCfg = Release|Any CPU
		{2EDB4C74-E03F-4E02-BBE2-8F4DBE0490E6}.Release|Any CPU.Build.0 = Release|Any CPU
		{2EDB4C74-E03F-4E02-BBE2-8F4DBE0490E6}.Release|x64.ActiveCfg = Release|Any CPU
		{2EDB4C74-E03F-4E02-BBE2-8F4DBE0490E6}.Release|x64.Build.0 = Release|Any CPU
		{2EDB4C74-E03F-4E02-BBE2-8F4DBE0490E6}.Release|x86.ActiveCfg = Release|Any CPU
		{2EDB4C74-E03F-4E02-BBE2-8F4DBE0490E6}.Release|x86.Build.0 = Release|Any CPU
	EndGlobalSection
	GlobalSection(NestedProjects) = preSolution
		{A52AAECE-57F3-4199-BBC2-1BC1C2885BD3} = {696A3C30-D037-4F99-9709-04752475CAC0}
		{97991D04-6AB6-43BB-913C-104FD2C68BB7} = {A52AAECE-57F3-4199-BBC2-1BC1C2885BD3}
		{5B77B40D-9DD1-4D8F-8FA8-6ED176E2BB7E} = {696A3C30-D037-4F99-9709-04752475CAC0}
		{B56F343D-32C9-4612-8710-9412EB4C2462} = {5B77B40D-9DD1-4D8F-8FA8-6ED176E2BB7E}
		{5D2A0216-6F29-420C-8D87-3DAF3D970C10} = {C6F8A0B2-CDEC-40A5-AB4D-EA97764EBCAF}
		{D8018B6F-8258-4E0F-9C03-E26D1B9363AA} = {5D2A0216-6F29-420C-8D87-3DAF3D970C10}
		{56906055-845D-460E-AC5C-114348304AF4} = {C6F8A0B2-CDEC-40A5-AB4D-EA97764EBCAF}
		{2EDB4C74-E03F-4E02-BBE2-8F4DBE0490E6} = {56906055-845D-460E-AC5C-114348304AF4}
	EndGlobalSection
EndGlobal
